
Microsoft Visual Studio Solution File, Format Version 12.00
# Visual Studio Version 16
VisualStudioVersion = 16.0.31729.503
MinimumVisualStudioVersion = 10.0.40219.1
Project("{FAE04EC0-301F-11D3-BF4B-00C04F79EFBC}") = "LLL-Emporium", "LLL-Emporium\LLL-Emporium.csproj", "{339D97C1-36F9-4570-A9CB-C72E37F72A83}"
EndProject
Global
	GlobalSection(SolutionConfigurationPlatforms) = preSolution
		Debug|Any CPU = Debug|Any CPU
		Release|Any CPU = Release|Any CPU
	EndGlobalSection
	GlobalSection(ProjectConfigurationPlatforms) = postSolution
		{339D97C1-36F9-4570-A9CB-C72E37F72A83}.Debug|Any CPU.ActiveCfg = Debug|Any CPU
		{339D97C1-36F9-4570-A9CB-C72E37F72A83}.Debug|Any CPU.Build.0 = Debug|Any CPU
		{339D97C1-36F9-4570-A9CB-C72E37F72A83}.Release|Any CPU.ActiveCfg = Release|Any CPU
		{339D97C1-36F9-4570-A9CB-C72E37F72A83}.Release|Any CPU.Build.0 = Release|Any CPU
	EndGlobalSection
	GlobalSection(SolutionProperties) = preSolution
		HideSolutionNode = FALSE
	EndGlobalSection
	GlobalSection(ExtensibilityGlobals) = postSolution
		SolutionGuid = {2E499417-8252-4935-A142-13E542D32A14}
	EndGlobalSection
EndGlobal
